
Microsoft Visual Studio Solution File, Format Version 12.00
# Visual Studio Version 17
VisualStudioVersion = 17.1.32407.343
MinimumVisualStudioVersion = 10.0.40219.1
Project("{9A19103F-16F7-4668-BE54-9A1E7A4F7556}") = "AudioTools", "AudioEnumerator\AudioTools.csproj", "{92550017-9331-4E52-9A1E-9E8C9312B64C}"
EndProject
Project("{9A19103F-16F7-4668-BE54-9A1E7A4F7556}") = "AudioToolsTest", "AudioEnumeratorTest\AudioToolsTest.csproj", "{67AF61B3-F3E3-432D-BB68-FACA7ED7C077}"
EndProject
Project("{9A19103F-16F7-4668-BE54-9A1E7A4F7556}") = "NativeCoreAudio", "NativeCoreAudio\NativeCoreAudio.csproj", "{34539589-A8C7-4789-9F43-DA497DA93AE1}"
EndProject
Project("{2150E333-8FDC-42A3-9474-1A3956D46DE8}") = "Solution Items", "Solution Items", "{A0972AB3-032F-4F4A-BA5C-E166070277A0}"
	ProjectSection(SolutionItems) = preProject
		.editorconfig = .editorconfig
		README.md = README.md
	EndProjectSection
EndProject
Project("{9A19103F-16F7-4668-BE54-9A1E7A4F7556}") = "HotKeyEvent", "HotKeyEvent\HotKeyEvent.csproj", "{5D52B398-5114-49D8-B7AE-A7A94AB1380F}"
EndProject
Project("{9A19103F-16F7-4668-BE54-9A1E7A4F7556}") = "AudioSelector", "AudioSelector\AudioSelector.csproj", "{0572D367-7C18-40E2-A2A1-E65C18841B4F}"
EndProject
Project("{C7167F0D-BC9F-4E6E-AFE1-012C56B48DB5}") = "AudioSelectorPackage", "AudioSelectorPackage\AudioSelectorPackage.wapproj", "{A0B60FE2-5676-4429-8BB2-BA9F045CD4B4}"
EndProject
Global
	GlobalSection(SolutionConfigurationPlatforms) = preSolution
		Debug|ARM64 = Debug|ARM64
		Debug|x64 = Debug|x64
		Debug|x86 = Debug|x86
		Release|ARM64 = Release|ARM64
		Release|x64 = Release|x64
		Release|x86 = Release|x86
	EndGlobalSection
	GlobalSection(ProjectConfigurationPlatforms) = postSolution
		{92550017-9331-4E52-9A1E-9E8C9312B64C}.Debug|ARM64.ActiveCfg = Debug|ARM64
		{92550017-9331-4E52-9A1E-9E8C9312B64C}.Debug|ARM64.Build.0 = Debug|ARM64
		{92550017-9331-4E52-9A1E-9E8C9312B64C}.Debug|x64.ActiveCfg = Debug|x64
		{92550017-9331-4E52-9A1E-9E8C9312B64C}.Debug|x64.Build.0 = Debug|x64
		{92550017-9331-4E52-9A1E-9E8C9312B64C}.Debug|x86.ActiveCfg = Debug|Any CPU
		{92550017-9331-4E52-9A1E-9E8C9312B64C}.Debug|x86.Build.0 = Debug|Any CPU
		{92550017-9331-4E52-9A1E-9E8C9312B64C}.Release|ARM64.ActiveCfg = Release|ARM64
		{92550017-9331-4E52-9A1E-9E8C9312B64C}.Release|ARM64.Build.0 = Release|ARM64
		{92550017-9331-4E52-9A1E-9E8C9312B64C}.Release|x64.ActiveCfg = Release|x64
		{92550017-9331-4E52-9A1E-9E8C9312B64C}.Release|x64.Build.0 = Release|x64
		{92550017-9331-4E52-9A1E-9E8C9312B64C}.Release|x86.ActiveCfg = Release|Any CPU
		{92550017-9331-4E52-9A1E-9E8C9312B64C}.Release|x86.Build.0 = Release|Any CPU
		{67AF61B3-F3E3-432D-BB68-FACA7ED7C077}.Debug|ARM64.ActiveCfg = Debug|ARM64
		{67AF61B3-F3E3-432D-BB68-FACA7ED7C077}.Debug|ARM64.Build.0 = Debug|ARM64
		{67AF61B3-F3E3-432D-BB68-FACA7ED7C077}.Debug|x64.ActiveCfg = Debug|x64
		{67AF61B3-F3E3-432D-BB68-FACA7ED7C077}.Debug|x64.Build.0 = Debug|x64
		{67AF61B3-F3E3-432D-BB68-FACA7ED7C077}.Debug|x86.ActiveCfg = Debug|Any CPU
		{67AF61B3-F3E3-432D-BB68-FACA7ED7C077}.Debug|x86.Build.0 = Debug|Any CPU
		{67AF61B3-F3E3-432D-BB68-FACA7ED7C077}.Release|ARM64.ActiveCfg = Release|ARM64
		{67AF61B3-F3E3-432D-BB68-FACA7ED7C077}.Release|ARM64.Build.0 = Release|ARM64
		{67AF61B3-F3E3-432D-BB68-FACA7ED7C077}.Release|x64.ActiveCfg = Release|x64
		{67AF61B3-F3E3-432D-BB68-FACA7ED7C077}.Release|x64.Build.0 = Release|x64
		{67AF61B3-F3E3-432D-BB68-FACA7ED7C077}.Release|x86.ActiveCfg = Release|Any CPU
		{67AF61B3-F3E3-432D-BB68-FACA7ED7C077}.Release|x86.Build.0 = Release|Any CPU
		{34539589-A8C7-4789-9F43-DA497DA93AE1}.Debug|ARM64.ActiveCfg = Debug|ARM64
		{34539589-A8C7-4789-9F43-DA497DA93AE1}.Debug|ARM64.Build.0 = Debug|ARM64
		{34539589-A8C7-4789-9F43-DA497DA93AE1}.Debug|x64.ActiveCfg = Debug|x64
		{34539589-A8C7-4789-9F43-DA497DA93AE1}.Debug|x64.Build.0 = Debug|x64
		{34539589-A8C7-4789-9F43-DA497DA93AE1}.Debug|x86.ActiveCfg = Debug|Any CPU
		{34539589-A8C7-4789-9F43-DA497DA93AE1}.Debug|x86.Build.0 = Debug|Any CPU
		{34539589-A8C7-4789-9F43-DA497DA93AE1}.Release|ARM64.ActiveCfg = Release|ARM64
		{34539589-A8C7-4789-9F43-DA497DA93AE1}.Release|ARM64.Build.0 = Release|ARM64
		{34539589-A8C7-4789-9F43-DA497DA93AE1}.Release|x64.ActiveCfg = Release|x64
		{34539589-A8C7-4789-9F43-DA497DA93AE1}.Release|x64.Build.0 = Release|x64
		{34539589-A8C7-4789-9F43-DA497DA93AE1}.Release|x86.ActiveCfg = Release|Any CPU
		{34539589-A8C7-4789-9F43-DA497DA93AE1}.Release|x86.Build.0 = Release|Any CPU
		{5D52B398-5114-49D8-B7AE-A7A94AB1380F}.Debug|ARM64.ActiveCfg = Debug|ARM64
		{5D52B398-5114-49D8-B7AE-A7A94AB1380F}.Debug|ARM64.Build.0 = Debug|ARM64
		{5D52B398-5114-49D8-B7AE-A7A94AB1380F}.Debug|x64.ActiveCfg = Debug|x64
		{5D52B398-5114-49D8-B7AE-A7A94AB1380F}.Debug|x64.Build.0 = Debug|x64
		{5D52B398-5114-49D8-B7AE-A7A94AB1380F}.Debug|x86.ActiveCfg = Debug|Any CPU
		{5D52B398-5114-49D8-B7AE-A7A94AB1380F}.Debug|x86.Build.0 = Debug|Any CPU
		{5D52B398-5114-49D8-B7AE-A7A94AB1380F}.Release|ARM64.ActiveCfg = Release|ARM64
		{5D52B398-5114-49D8-B7AE-A7A94AB1380F}.Release|ARM64.Build.0 = Release|ARM64
		{5D52B398-5114-49D8-B7AE-A7A94AB1380F}.Release|x64.ActiveCfg = Release|x64
		{5D52B398-5114-49D8-B7AE-A7A94AB1380F}.Release|x64.Build.0 = Release|x64
		{5D52B398-5114-49D8-B7AE-A7A94AB1380F}.Release|x86.ActiveCfg = Release|Any CPU
		{5D52B398-5114-49D8-B7AE-A7A94AB1380F}.Release|x86.Build.0 = Release|Any CPU
		{0572D367-7C18-40E2-A2A1-E65C18841B4F}.Debug|ARM64.ActiveCfg = Debug|ARM64
		{0572D367-7C18-40E2-A2A1-E65C18841B4F}.Debug|ARM64.Build.0 = Debug|ARM64
		{0572D367-7C18-40E2-A2A1-E65C18841B4F}.Debug|x64.ActiveCfg = Debug|x64
		{0572D367-7C18-40E2-A2A1-E65C18841B4F}.Debug|x64.Build.0 = Debug|x64
		{0572D367-7C18-40E2-A2A1-E65C18841B4F}.Debug|x86.ActiveCfg = Debug|Any CPU
		{0572D367-7C18-40E2-A2A1-E65C18841B4F}.Debug|x86.Build.0 = Debug|Any CPU
		{0572D367-7C18-40E2-A2A1-E65C18841B4F}.Release|ARM64.ActiveCfg = Release|ARM64
		{0572D367-7C18-40E2-A2A1-E65C18841B4F}.Release|ARM64.Build.0 = Release|ARM64
		{0572D367-7C18-40E2-A2A1-E65C18841B4F}.Release|x64.ActiveCfg = Release|x64
		{0572D367-7C18-40E2-A2A1-E65C18841B4F}.Release|x64.Build.0 = Release|x64
		{0572D367-7C18-40E2-A2A1-E65C18841B4F}.Release|x86.ActiveCfg = Release|Any CPU
		{0572D367-7C18-40E2-A2A1-E65C18841B4F}.Release|x86.Build.0 = Release|Any CPU
		{A0B60FE2-5676-4429-8BB2-BA9F045CD4B4}.Debug|ARM64.ActiveCfg = Debug|ARM64
		{A0B60FE2-5676-4429-8BB2-BA9F045CD4B4}.Debug|ARM64.Build.0 = Debug|ARM64
		{A0B60FE2-5676-4429-8BB2-BA9F045CD4B4}.Debug|ARM64.Deploy.0 = Debug|ARM64
		{A0B60FE2-5676-4429-8BB2-BA9F045CD4B4}.Debug|x64.ActiveCfg = Debug|x64
		{A0B60FE2-5676-4429-8BB2-BA9F045CD4B4}.Debug|x64.Build.0 = Debug|x64
		{A0B60FE2-5676-4429-8BB2-BA9F045CD4B4}.Debug|x64.Deploy.0 = Debug|x64
		{A0B60FE2-5676-4429-8BB2-BA9F045CD4B4}.Debug|x86.ActiveCfg = Debug|x86
		{A0B60FE2-5676-4429-8BB2-BA9F045CD4B4}.Debug|x86.Build.0 = Debug|x86
		{A0B60FE2-5676-4429-8BB2-BA9F045CD4B4}.Debug|x86.Deploy.0 = Debug|x86
		{A0B60FE2-5676-4429-8BB2-BA9F045CD4B4}.Release|ARM64.ActiveCfg = Release|ARM64
		{A0B60FE2-5676-4429-8BB2-BA9F045CD4B4}.Release|ARM64.Build.0 = Release|ARM64
		{A0B60FE2-5676-4429-8BB2-BA9F045CD4B4}.Release|ARM64.Deploy.0 = Release|ARM64
		{A0B60FE2-5676-4429-8BB2-BA9F045CD4B4}.Release|x64.ActiveCfg = Release|x64
		{A0B60FE2-5676-4429-8BB2-BA9F045CD4B4}.Release|x64.Build.0 = Release|x64
		{A0B60FE2-5676-4429-8BB2-BA9F045CD4B4}.Release|x64.Deploy.0 = Release|x64
		{A0B60FE2-5676-4429-8BB2-BA9F045CD4B4}.Release|x86.ActiveCfg = Release|x86
		{A0B60FE2-5676-4429-8BB2-BA9F045CD4B4}.Release|x86.Build.0 = Release|x86
		{A0B60FE2-5676-4429-8BB2-BA9F045CD4B4}.Release|x86.Deploy.0 = Release|x86
	EndGlobalSection
	GlobalSection(SolutionProperties) = preSolution
		HideSolutionNode = FALSE
	EndGlobalSection
	GlobalSection(ExtensibilityGlobals) = postSolution
		SolutionGuid = {34D7EA6A-CD27-4C3D-9C45-261C711DD2A2}
	EndGlobalSection
EndGlobal
